Microsoft Visual Studio Solution File, Format Version 12.00
# Visual Studio Version 17
VisualStudioVersion = 17.5.2.0
MinimumVisualStudioVersion = 10.0.40219.1
Project("{FAE04EC0-301F-11D3-BF4B-00C04F79EFBC}") = "AutoSummonEX", "AutoSummonEX.csproj", "{C6156D9D-EE77-2F7D-933E-B244536BCE93}"
EndProject
Global
	GlobalSection(SolutionConfigurationPlatforms) = preSolution
		Debug|Any CPU = Debug|Any CPU
		Release|Any CPU = Release|Any CPU
	EndGlobalSection
	GlobalSection(ProjectConfigurationPlatforms) = postSolution
		{C6156D9D-EE77-2F7D-933E-B244536BCE93}.Debug|Any CPU.ActiveCfg = Debug|Any CPU
		{C6156D9D-EE77-2F7D-933E-B244536BCE93}.Debug|Any CPU.Build.0 = Debug|Any CPU
		{C6156D9D-EE77-2F7D-933E-B244536BCE93}.Release|Any CPU.ActiveCfg = Release|Any CPU
		{C6156D9D-EE77-2F7D-933E-B244536BCE93}.Release|Any CPU.Build.0 = Release|Any CPU
	EndGlobalSection
	GlobalSection(SolutionProperties) = preSolution
		HideSolutionNode = FALSE
	EndGlobalSection
	GlobalSection(ExtensibilityGlobals) = postSolution
		SolutionGuid = {81E301F6-3695-4DDB-B47E-983A9AE5DC8E}
	EndGlobalSection
EndGlobal
